
Microsoft Visual Studio Solution File, Format Version 12.00
# Visual Studio Version 16
VisualStudioVersion = 16.0.30717.126
MinimumVisualStudioVersion = 10.0.40219.1
Project("{FAE04EC0-301F-11D3-BF4B-00C04F79EFBC}") = "cZadanie5", "cZadanie5\cZadanie5.csproj", "{1DC26ED2-66DF-4954-B0CF-17B119879886}"
EndProject
Global
	GlobalSection(SolutionConfigurationPlatforms) = preSolution
		Debug|Any CPU = Debug|Any CPU
		Release|Any CPU = Release|Any CPU
	EndGlobalSection
	GlobalSection(ProjectConfigurationPlatforms) = postSolution
		{1DC26ED2-66DF-4954-B0CF-17B119879886}.Debug|Any CPU.ActiveCfg = Debug|Any CPU
		{1DC26ED2-66DF-4954-B0CF-17B119879886}.Debug|Any CPU.Build.0 = Debug|Any CPU
		{1DC26ED2-66DF-4954-B0CF-17B119879886}.Release|Any CPU.ActiveCfg = Release|Any CPU
		{1DC26ED2-66DF-4954-B0CF-17B119879886}.Release|Any CPU.Build.0 = Release|Any CPU
	EndGlobalSection
	GlobalSection(SolutionProperties) = preSolution
		HideSolutionNode = FALSE
	EndGlobalSection
	GlobalSection(ExtensibilityGlobals) = postSolution
		SolutionGuid = {782A5592-4179-4900-B184-E12A20B451E7}
	EndGlobalSection
EndGlobal
