
Microsoft Visual Studio Solution File, Format Version 12.00
# Visual Studio Version 16
VisualStudioVersion = 16.0.30717.126
MinimumVisualStudioVersion = 10.0.40219.1
Project("{FAE04EC0-301F-11D3-BF4B-00C04F79EFBC}") = "cZadanie4_2", "cZadanie4_2\cZadanie4_2.csproj", "{F1D57848-69C8-4ABD-A13C-9E48B90AE0FE}"
EndProject
Global
	GlobalSection(SolutionConfigurationPlatforms) = preSolution
		Debug|Any CPU = Debug|Any CPU
		Release|Any CPU = Release|Any CPU
	EndGlobalSection
	GlobalSection(ProjectConfigurationPlatforms) = postSolution
		{F1D57848-69C8-4ABD-A13C-9E48B90AE0FE}.Debug|Any CPU.ActiveCfg = Debug|Any CPU
		{F1D57848-69C8-4ABD-A13C-9E48B90AE0FE}.Debug|Any CPU.Build.0 = Debug|Any CPU
		{F1D57848-69C8-4ABD-A13C-9E48B90AE0FE}.Release|Any CPU.ActiveCfg = Release|Any CPU
		{F1D57848-69C8-4ABD-A13C-9E48B90AE0FE}.Release|Any CPU.Build.0 = Release|Any CPU
	EndGlobalSection
	GlobalSection(SolutionProperties) = preSolution
		HideSolutionNode = FALSE
	EndGlobalSection
	GlobalSection(ExtensibilityGlobals) = postSolution
		SolutionGuid = {44BB3B4A-7FC5-443A-BC20-89E50E4D2130}
	EndGlobalSection
EndGlobal
